
Microsoft Visual Studio Solution File, Format Version 12.00
# Visual Studio Version 16
VisualStudioVersion = 16.0.31911.196
MinimumVisualStudioVersion = 10.0.40219.1
Project("{FAE04EC0-301F-11D3-BF4B-00C04F79EFBC}") = "01.11", "01.11\01.11.csproj", "{D5C98635-98A4-40FB-91BD-056048F96CAF}"
EndProject
Global
	GlobalSection(SolutionConfigurationPlatforms) = preSolution
		Debug|Any CPU = Debug|Any CPU
		Release|Any CPU = Release|Any CPU
	EndGlobalSection
	GlobalSection(ProjectConfigurationPlatforms) = postSolution
		{D5C98635-98A4-40FB-91BD-056048F96CAF}.Debug|Any CPU.ActiveCfg = Debug|Any CPU
		{D5C98635-98A4-40FB-91BD-056048F96CAF}.Debug|Any CPU.Build.0 = Debug|Any CPU
		{D5C98635-98A4-40FB-91BD-056048F96CAF}.Release|Any CPU.ActiveCfg = Release|Any CPU
		{D5C98635-98A4-40FB-91BD-056048F96CAF}.Release|Any CPU.Build.0 = Release|Any CPU
	EndGlobalSection
	GlobalSection(SolutionProperties) = preSolution
		HideSolutionNode = FALSE
	EndGlobalSection
	GlobalSection(ExtensibilityGlobals) = postSolution
		SolutionGuid = {3E528865-C682-449A-B740-991DCFEFBA62}
	EndGlobalSection
EndGlobal
