
Microsoft Visual Studio Solution File, Format Version 12.00
# Visual Studio Version 17
VisualStudioVersion = 17.4.33103.184
MinimumVisualStudioVersion = 10.0.40219.1
Project("{FAE04EC0-301F-11D3-BF4B-00C04F79EFBC}") = "dz_09.11", "dz_09.11\dz_09.11.csproj", "{5FC7ED4D-A198-411E-BA14-4DCBE5830528}"
EndProject
Global
	GlobalSection(SolutionConfigurationPlatforms) = preSolution
		Debug|Any CPU = Debug|Any CPU
		Release|Any CPU = Release|Any CPU
	EndGlobalSection
	GlobalSection(ProjectConfigurationPlatforms) = postSolution
		{5FC7ED4D-A198-411E-BA14-4DCBE5830528}.Debug|Any CPU.ActiveCfg = Debug|Any CPU
		{5FC7ED4D-A198-411E-BA14-4DCBE5830528}.Debug|Any CPU.Build.0 = Debug|Any CPU
		{5FC7ED4D-A198-411E-BA14-4DCBE5830528}.Release|Any CPU.ActiveCfg = Release|Any CPU
		{5FC7ED4D-A198-411E-BA14-4DCBE5830528}.Release|Any CPU.Build.0 = Release|Any CPU
	EndGlobalSection
	GlobalSection(SolutionProperties) = preSolution
		HideSolutionNode = FALSE
	EndGlobalSection
	GlobalSection(ExtensibilityGlobals) = postSolution
		SolutionGuid = {8AF8A61F-A6BE-47FF-88DE-4A656AF26700}
	EndGlobalSection
EndGlobal
